
Microsoft Visual Studio Solution File, Format Version 12.00
# Visual Studio Version 17
VisualStudioVersion = 17.14.36310.24 d17.14
MinimumVisualStudioVersion = 10.0.40219.1
Project("{FAE04EC0-301F-11D3-BF4B-00C04F79EFBC}") = "extracting-layer-information", "extracting-layer-information.csproj", "{ADD97A8E-312A-4C07-824F-FB326E69CDD2}"
EndProject
Global
	GlobalSection(SolutionConfigurationPlatforms) = preSolution
		Debug|Any CPU = Debug|Any CPU
		Release|Any CPU = Release|Any CPU
	EndGlobalSection
	GlobalSection(ProjectConfigurationPlatforms) = postSolution
		{ADD97A8E-312A-4C07-824F-FB326E69CDD2}.Debug|Any CPU.ActiveCfg = Debug|Any CPU
		{ADD97A8E-312A-4C07-824F-FB326E69CDD2}.Debug|Any CPU.Build.0 = Debug|Any CPU
		{ADD97A8E-312A-4C07-824F-FB326E69CDD2}.Release|Any CPU.ActiveCfg = Release|Any CPU
		{ADD97A8E-312A-4C07-824F-FB326E69CDD2}.Release|Any CPU.Build.0 = Release|Any CPU
	EndGlobalSection
	GlobalSection(SolutionProperties) = preSolution
		HideSolutionNode = FALSE
	EndGlobalSection
	GlobalSection(ExtensibilityGlobals) = postSolution
		SolutionGuid = {5F234911-4C2C-4929-8BC1-73CA8DDF0A0D}
	EndGlobalSection
EndGlobal
